// !$*UTF8*$!
{
	archiveVersion = 1;
	classes = {
	};
	objectVersion = 50;
	objects = {

/* Begin PBXBuildFile section */
		92DA2184271ED1EC0011D289 /* AppDelegate.swift in Sources */ = {isa = PBXBuildFile; fileRef = 92DA2183271ED1EC0011D289 /* AppDelegate.swift */; };
		92DA2186271ED1EC0011D289 /* SceneDelegate.swift in Sources */ = {isa = PBXBuildFile; fileRef = 92DA2185271ED1EC0011D289 /* SceneDelegate.swift */; };
		92DA2188271ED1EC0011D289 /* ViewController.swift in Sources */ = {isa = PBXBuildFile; fileRef = 92DA2187271ED1EC0011D289 /* ViewController.swift */; };
		92DA218B271ED1EC0011D289 /* Main.storyboard in Resources */ = {isa = PBXBuildFile; fileRef = 92DA2189271ED1EC0011D289 /* Main.storyboard */; };
		92DA218D271ED1EE0011D289 /* Assets.xcassets in Resources */ = {isa = PBXBuildFile; fileRef = 92DA218C271ED1EE0011D289 /* Assets.xcassets */; };
		92DA2190271ED1EE0011D289 /* LaunchScreen.storyboard in Resources */ = {isa = PBXBuildFile; fileRef = 92DA218E271ED1EE0011D289 /* LaunchScreen.storyboard */; };
		C951445E762C044638CE3238 /* Pods_ios_project.framework in Frameworks */ = {isa = PBXBuildFile; fileRef = 1E0409017347BF895A494596 /* Pods_ios_project.framework */; };
/* End PBXBuildFile section */

/* Begin PBXFileReference section */
		1E0409017347BF895A494596 /* Pods_ios_project.framework */ = {isa = PBXFileReference; explicitFileType = wrapper.framework; includeInIndex = 0; path = Pods_ios_project.framework; sourceTree = BUILT_PRODUCTS_DIR; };
		6D0DE3FF043704D14F5AF38D /* Pods-ios-project.debug.xcconfig */ = {isa = PBXFileReference; includeInIndex = 1; lastKnownFileType = text.xcconfig; name = "Pods-ios-project.debug.xcconfig"; path = "Target Support Files/Pods-ios-project/Pods-ios-project.debug.xcconfig"; sourceTree = "<group>"; };
		92DA2180271ED1EC0011D289 /* ios-project.app */ = {isa = PBXFileReference; explicitFileType = wrapper.application; includeInIndex = 0; path = "ios-project.app"; sourceTree = BUILT_PRODUCTS_DIR; };
		92DA2183271ED1EC0011D289 /* AppDelegate.swift */ = {isa = PBXFileReference; lastKnownFileType = sourcecode.swift; path = AppDelegate.swift; sourceTree = "<group>"; };
		92DA2185271ED1EC0011D289 /* SceneDelegate.swift */ = {isa = PBXFileReference; lastKnownFileType = sourcecode.swift; path = SceneDelegate.swift; sourceTree = "<group>"; };
		92DA2187271ED1EC0011D289 /* ViewController.swift */ = {isa = PBXFileReference; lastKnownFileType = sourcecode.swift; path = ViewController.swift; sourceTree = "<group>"; };
		92DA218A271ED1EC0011D289 /* Base */ = {isa = PBXFileReference; lastKnownFileType = file.storyboard; name = Base; path = Base.lproj/Main.storyboard; sourceTree = "<group>"; };
		92DA218C271ED1EE0011D289 /* Assets.xcassets */ = {isa = PBXFileReference; lastKnownFileType = folder.assetcatalog; path = Assets.xcassets; sourceTree = "<group>"; };
		92DA218F271ED1EE0011D289 /* Base */ = {isa = PBXFileReference; lastKnownFileType = file.storyboard; name = Base; path = Base.lproj/LaunchScreen.storyboard; sourceTree = "<group>"; };
		92DA2191271ED1EE0011D289 /* Info.plist */ = {isa = PBXFileReference; lastKnownFileType = text.plist.xml; path = Info.plist; sourceTree = "<group>"; };
		B108EA9C67E3E0D0AC65B48E /* Pods-ios-project.release.xcconfig */ = {isa = PBXFileReference; includeInIndex = 1; lastKnownFileType = text.xcconfig; name = "Pods-ios-project.release.xcconfig"; path = "Target Support Files/Pods-ios-project/Pods-ios-project.release.xcconfig"; sourceTree = "<group>"; };
/* End PBXFileReference section */

/* Begin PBXFrameworksBuildPhase section */
		92DA217D271ED1EC0011D289 /* Frameworks */ = {
			isa = PBXFrameworksBuildPhase;
			buildActionMask = 2147483647;
			files = (
				C951445E762C044638CE3238 /* Pods_ios_project.framework in Frameworks */,
			);
			runOnlyForDeploymentPostprocessing = 0;
		};
/* End PBXFrameworksBuildPhase section */

/* Begin PBXGroup section */
		44A0F922CA31339A2AEE5268 /* Pods */ = {
			isa = PBXGroup;
			children = (
				6D0DE3FF043704D14F5AF38D /* Pods-ios-project.debug.xcconfig */,
				B108EA9C67E3E0D0AC65B48E /* Pods-ios-project.release.xcconfig */,
			);
			name = Pods;
			path = Pods;
			sourceTree = "<group>";
		};
		92DA2177271ED1EC0011D289 = {
			isa = PBXGroup;
			children = (
				92DA2182271ED1EC0011D289 /* ios-project */,
				92DA2181271ED1EC0011D289 /* Products */,
				44A0F922CA31339A2AEE5268 /* Pods */,
				D132C3E386BACCEA265D264B /* Frameworks */,
			);
			sourceTree = "<group>";
		};
		92DA2181271ED1EC0011D289 /* Products */ = {
			isa = PBXGroup;
			children = (
				92DA2180271ED1EC0011D289 /* ios-project.app */,
			);
			name = Products;
			sourceTree = "<group>";
		};
		92DA2182271ED1EC0011D289 /* ios-project */ = {
			isa = PBXGroup;
			children = (
				92DA2183271ED1EC0011D289 /* AppDelegate.swift */,
				92DA2185271ED1EC0011D289 /* SceneDelegate.swift */,
				92DA2187271ED1EC0011D289 /* ViewController.swift */,
				92DA2189271ED1EC0011D289 /* Main.storyboard */,
				92DA218C271ED1EE0011D289 /* Assets.xcassets */,
				92DA218E271ED1EE0011D289 /* LaunchScreen.storyboard */,
				92DA2191271ED1EE0011D289 /* Info.plist */,
			);
			path = "ios-project";
			sourceTree = "<group>";
		};
		D132C3E386BACCEA265D264B /* Frameworks */ = {
			isa = PBXGroup;
			children = (
				1E0409017347BF895A494596 /* Pods_ios_project.framework */,
			);
			name = Frameworks;
			sourceTree = "<group>";
		};
/* End PBXGroup section */

/* Begin PBXNativeTarget section */
		92DA217F271ED1EC0011D289 /* ios-project */ = {
			isa = PBXNativeTarget;
			buildConfigurationList = 92DA2194271ED1EE0011D289 /* Build configuration list for PBXNativeTarget "ios-project" */;
			buildPhases = (
				2C21C6B9A463351F95BA8B3B /* [CP] Check Pods Manifest.lock */,
				92DA217C271ED1EC0011D289 /* Sources */,
				92DA217D271ED1EC0011D289 /* Frameworks */,
				92DA217E271ED1EC0011D289 /* Resources */,
			);
			buildRules = (
			);
			dependencies = (
			);
			name = "ios-project";
			productName = "ios-project";
			productReference = 92DA2180271ED1EC0011D289 /* ios-project.app */;
			productType = "com.apple.product-type.application";
		};
/* End PBXNativeTarget section */

/* Begin PBXProject section */
		92DA2178271ED1EC0011D289 /* Project object */ = {
			isa = PBXProject;
			attributes = {
				LastSwiftUpdateCheck = 1250;
				LastUpgradeCheck = 1250;
				TargetAttributes = {
					92DA217F271ED1EC0011D289 = {
						CreatedOnToolsVersion = 12.5.1;
					};
				};
			};
			buildConfigurationList = 92DA217B271ED1EC0011D289 /* Build configuration list for PBXProject "ios-project" */;
			compatibilityVersion = "Xcode 9.3";
			developmentRegion = en;
			hasScannedForEncodings = 0;
			knownRegions = (
				en,
				Base,
			);
			mainGroup = 92DA2177271ED1EC0011D289;
			productRefGroup = 92DA2181271ED1EC0011D289 /* Products */;
			projectDirPath = "";
			projectRoot = "";
			targets = (
				92DA217F271ED1EC0011D289 /* ios-project */,
			);
		};
/* End PBXProject section */

/* Begin PBXResourcesBuildPhase section */
		92DA217E271ED1EC0011D289 /* Resources */ = {
			isa = PBXResourcesBuildPhase;
			buildActionMask = 2147483647;
			files = (
				92DA2190271ED1EE0011D289 /* LaunchScreen.storyboard in Resources */,
				92DA218D271ED1EE0011D289 /* Assets.xcassets in Resources */,
				92DA218B271ED1EC0011D289 /* Main.storyboard in Resources */,
			);
			runOnlyForDeploymentPostprocessing = 0;
		};
/* End PBXResourcesBuildPhase section */

/* Begin PBXShellScriptBuildPhase section */
		2C21C6B9A463351F95BA8B3B /* [CP] Check Pods Manifest.lock */ = {
			isa = PBXShellScriptBuildPhase;
			buildActionMask = 2147483647;
			files = (
			);
			inputFileListPaths = (
			);
			inputPaths = (
				"${PODS_PODFILE_DIR_PATH}/Podfile.lock",
				"${PODS_ROOT}/Manifest.lock",
			);
			name = "[CP] Check Pods Manifest.lock";
			outputFileListPaths = (
			);
			outputPaths = (
				"$(DERIVED_FILE_DIR)/Pods-ios-project-checkManifestLockResult.txt",
			);
			runOnlyForDeploymentPostprocessing = 0;
			shellPath = /bin/sh;
			shellScript = "diff \"${PODS_PODFILE_DIR_PATH}/Podfile.lock\" \"${PODS_ROOT}/Manifest.lock\" > /dev/null\nif [ $? != 0 ] ; then\n    # print error to STDERR\n    echo \"error: The sandbox is not in sync with the Podfile.lock. Run 'pod install' or update your CocoaPods installation.\" >&2\n    exit 1\nfi\n# This output is used by Xcode 'outputs' to avoid re-running this script phase.\necho \"SUCCESS\" > \"${SCRIPT_OUTPUT_FILE_0}\"\n";
			showEnvVarsInLog = 0;
		};
/* End PBXShellScriptBuildPhase section */

/* Begin PBXSourcesBuildPhase section */
		92DA217C271ED1EC0011D289 /* Sources */ = {
			isa = PBXSourcesBuildPhase;
			buildActionMask = 2147483647;
			files = (
				92DA2188271ED1EC0011D289 /* ViewController.swift in Sources */,
				92DA2184271ED1EC0011D289 /* AppDelegate.swift in Sources */,
				92DA2186271ED1EC0011D289 /* SceneDelegate.swift in Sources */,
			);
			runOnlyForDeploymentPostprocessing = 0;
		};
/* End PBXSourcesBuildPhase section */

/* Begin PBXVariantGroup section */
		92DA2189271ED1EC0011D289 /* Main.storyboard */ = {
			isa = PBXVariantGroup;
			children = (
				92DA218A271ED1EC0011D289 /* Base */,
			);
			name = Main.storyboard;
			sourceTree = "<group>";
		};
		92DA218E271ED1EE0011D289 /* LaunchScreen.storyboard */ = {
			isa = PBXVariantGroup;
			children = (
				92DA218F271ED1EE0011D289 /* Base */,
			);
			name = LaunchScreen.storyboard;
			sourceTree = "<group>";
		};
/* End PBXVariantGroup section */

/* Begin XCBuildConfiguration section */
		92DA2192271ED1EE0011D289 /* Debug */ = {
			isa = XCBuildConfiguration;
			buildSettings = {
				ALWAYS_SEARCH_USER_PATHS = NO;
				CLANG_ANALYZER_NONNULL = YES;
				CLANG_ANALYZER_NUMBER_OBJECT_CONVERSION = YES_AGGRESSIVE;
				CLANG_CXX_LANGUAGE_STANDARD = "gnu++14";
				CLANG_CXX_LIBRARY = "libc++";
				CLANG_ENABLE_MODULES = YES;
				CLANG_ENABLE_OBJC_ARC = YES;
				CLANG_ENABLE_OBJC_WEAK = YES;
				CLANG_WARN_BLOCK_CAPTURE_AUTORELEASING = YES;
				CLANG_WARN_BOOL_CONVERSION = YES;
				CLANG_WARN_COMMA = YES;
				CLANG_WARN_CONSTANT_CONVERSION = YES;
				CLANG_WARN_DEPRECATED_OBJC_IMPLEMENTATIONS = YES;
				CLANG_WARN_DIRECT_OBJC_ISA_USAGE = YES_ERROR;
				CLANG_WARN_DOCUMENTATION_COMMENTS = YES;
				CLANG_WARN_EMPTY_BODY = YES;
				CLANG_WARN_ENUM_CONVERSION = YES;
				CLANG_WARN_INFINITE_RECURSION = YES;
				CLANG_WARN_INT_CONVERSION = YES;
				CLANG_WARN_NON_LITERAL_NULL_CONVERSION = YES;
				CLANG_WARN_OBJC_IMPLICIT_RETAIN_SELF = YES;
				CLANG_WARN_OBJC_LITERAL_CONVERSION = YES;
				CLANG_WARN_OBJC_ROOT_CLASS = YES_ERROR;
				CLANG_WARN_QUOTED_INCLUDE_IN_FRAMEWORK_HEADER = YES;
				CLANG_WARN_RANGE_LOOP_ANALYSIS = YES;
				CLANG_WARN_STRICT_PROTOTYPES = YES;
				CLANG_WARN_SUSPICIOUS_MOVE = YES;
				CLANG_WARN_UNGUARDED_AVAILABILITY = YES_AGGRESSIVE;
				CLANG_WARN_UNREACHABLE_CODE = YES;
				CLANG_WARN__DUPLICATE_METHOD_MATCH = YES;
				COPY_PHASE_STRIP = NO;
				DEBUG_INFORMATION_FORMAT = dwarf;
				ENABLE_STRICT_OBJC_MSGSEND = YES;
				ENABLE_TESTABILITY = YES;
				GCC_C_LANGUAGE_STANDARD = gnu11;
				GCC_DYNAMIC_NO_PIC = NO;
				GCC_NO_COMMON_BLOCKS = YES;
				GCC_OPTIMIZATION_LEVEL = 0;
				GCC_PREPROCESSOR_DEFINITIONS = (
					"DEBUG=1",
					"$(inherited)",
				);
				GCC_WARN_64_TO_32_BIT_CONVERSION = YES;
				GCC_WARN_ABOUT_RETURN_TYPE = YES_ERROR;
				GCC_WARN_UNDECLARED_SELECTOR = YES;
				GCC_WARN_UNINITIALIZED_AUTOS = YES_AGGRESSIVE;
				GCC_WARN_UNUSED_FUNCTION = YES;
				GCC_WARN_UNUSED_VARIABLE = YES;
				IPHONEOS_DEPLOYMENT_TARGET = 14.5;
				MTL_ENABLE_DEBUG_INFO = INCLUDE_SOURCE;
				MTL_FAST_MATH = YES;
				ONLY_ACTIVE_ARCH = YES;
				SDKROOT = iphoneos;
				SWIFT_ACTIVE_COMPILATION_CONDITIONS = DEBUG;
				SWIFT_OPTIMIZATION_LEVEL = "-Onone";
			};
			name = Debug;
		};
		92DA2193271ED1EE0011D289 /* Release */ = {
			isa = XCBuildConfiguration;
			buildSettings = {
				ALWAYS_SEARCH_USER_PATHS = NO;
				CLANG_ANALYZER_NONNULL = YES;
				CLANG_ANALYZER_NUMBER_OBJECT_CONVERSION = YES_AGGRESSIVE;
				CLANG_CXX_LANGUAGE_STANDARD = "gnu++14";
				CLANG_CXX_LIBRARY = "libc++";
				CLANG_ENABLE_MODULES = YES;
				CLANG_ENABLE_OBJC_ARC = YES;
				CLANG_ENABLE_OBJC_WEAK = YES;
				CLANG_WARN_BLOCK_CAPTURE_AUTORELEASING = YES;
				CLANG_WARN_BOOL_CONVERSION = YES;
				CLANG_WARN_COMMA = YES;
				CLANG_WARN_CONSTANT_CONVERSION = YES;
				CLANG_WARN_DEPRECATED_OBJC_IMPLEMENTATIONS = YES;
				CLANG_WARN_DIRECT_OBJC_ISA_USAGE = YES_ERROR;
				CLANG_WARN_DOCUMENTATION_COMMENTS = YES;
				CLANG_WARN_EMPTY_BODY = YES;
				CLANG_WARN_ENUM_CONVERSION = YES;
				CLANG_WARN_INFINITE_RECURSION = YES;
				CLANG_WARN_INT_CONVERSION = YES;
				CLANG_WARN_NON_LITERAL_NULL_CONVERSION = YES;
				CLANG_WARN_OBJC_IMPLICIT_RETAIN_SELF = YES;
				CLANG_WARN_OBJC_LITERAL_CONVERSION = YES;
				CLANG_WARN_OBJC_ROOT_CLASS = YES_ERROR;
				CLANG_WARN_QUOTED_INCLUDE_IN_FRAMEWORK_HEADER = YES;
				CLANG_WARN_RANGE_LOOP_ANALYSIS = YES;
				CLANG_WARN_STRICT_PROTOTYPES = YES;
				CLANG_WARN_SUSPICIOUS_MOVE = YES;
				CLANG_WARN_UNGUARDED_AVAILABILITY = YES_AGGRESSIVE;
				CLANG_WARN_UNREACHABLE_CODE = YES;
				CLANG_WARN__DUPLICATE_METHOD_MATCH = YES;
				COPY_PHASE_STRIP = NO;
				DEBUG_INFORMATION_FORMAT = "dwarf-with-dsym";
				ENABLE_NS_ASSERTIONS = NO;
				ENABLE_STRICT_OBJC_MSGSEND = YES;
				GCC_C_LANGUAGE_STANDARD = gnu11;
				GCC_NO_COMMON_BLOCKS = YES;
				GCC_WARN_64_TO_32_BIT_CONVERSION = YES;
				GCC_WARN_ABOUT_RETURN_TYPE = YES_ERROR;
				GCC_WARN_UNDECLARED_SELECTOR = YES;
				GCC_WARN_UNINITIALIZED_AUTOS = YES_AGGRESSIVE;
				GCC_WARN_UNUSED_FUNCTION = YES;
				GCC_WARN_UNUSED_VARIABLE = YES;
				IPHONEOS_DEPLOYMENT_TARGET = 14.5;
				MTL_ENABLE_DEBUG_INFO = NO;
				MTL_FAST_MATH = YES;
				SDKROOT = iphoneos;
				SWIFT_COMPILATION_MODE = wholemodule;
				SWIFT_OPTIMIZATION_LEVEL = "-O";
				VALIDATE_PRODUCT = YES;
			};
			name = Release;
		};
		92DA2195271ED1EE0011D289 /* Debug */ = {
			isa = XCBuildConfiguration;
			baseConfigurationReference = 6D0DE3FF043704D14F5AF38D /* Pods-ios-project.debug.xcconfig */;
			buildSettings = {
				ASSETCATALOG_COMPILER_APPICON_NAME = AppIcon;
				ASSETCATALOG_COMPILER_GLOBAL_ACCENT_COLOR_NAME = AccentColor;
				CODE_SIGN_STYLE = Automatic;
				DEVELOPMENT_TEAM = L48465WLZ8;
				INFOPLIST_FILE = "ios-project/Info.plist";
				IPHONEOS_DEPLOYMENT_TARGET = 13.4;
				LD_RUNPATH_SEARCH_PATHS = (
					"$(inherited)",
					"@executable_path/Frameworks",
				);
				PRODUCT_BUNDLE_IDENTIFIER = "tw.joe.ios-project";
				PRODUCT_NAME = "$(TARGET_NAME)";
				SWIFT_VERSION = 5.0;
				TARGETED_DEVICE_FAMILY = "1,2";
			};
			name = Debug;
		};
		92DA2196271ED1EE0011D289 /* Release */ = {
			isa = XCBuildConfiguration;
			baseConfigurationReference = B108EA9C67E3E0D0AC65B48E /* Pods-ios-project.release.xcconfig */;
			buildSettings = {
				ASSETCATALOG_COMPILER_APPICON_NAME = AppIcon;
				ASSETCATALOG_COMPILER_GLOBAL_ACCENT_COLOR_NAME = AccentColor;
				CODE_SIGN_STYLE = Automatic;
				DEVELOPMENT_TEAM = L48465WLZ8;
				INFOPLIST_FILE = "ios-project/Info.plist";
				IPHONEOS_DEPLOYMENT_TARGET = 13.4;
				LD_RUNPATH_SEARCH_PATHS = (
					"$(inherited)",
					"@executable_path/Frameworks",
				);
				PRODUCT_BUNDLE_IDENTIFIER = "tw.joe.ios-project";
				PRODUCT_NAME = "$(TARGET_NAME)";
				SWIFT_VERSION = 5.0;
				TARGETED_DEVICE_FAMILY = "1,2";
			};
			name = Release;
		};
/* End XCBuildConfiguration section */

/* Begin XCConfigurationList section */
		92DA217B271ED1EC0011D289 /* Build configuration list for PBXProject "ios-project" */ = {
			isa = XCConfigurationList;
			buildConfigurations = (
				92DA2192271ED1EE0011D289 /* Debug */,
				92DA2193271ED1EE0011D289 /* Release */,
			);
			defaultConfigurationIsVisible = 0;
			defaultConfigurationName = Release;
		};
		92DA2194271ED1EE0011D289 /* Build configuration list for PBXNativeTarget "ios-project" */ = {
			isa = XCConfigurationList;
			buildConfigurations = (
				92DA2195271ED1EE0011D289 /* Debug */,
				92DA2196271ED1EE0011D289 /* Release */,
			);
			defaultConfigurationIsVisible = 0;
			defaultConfigurationName = Release;
		};
/* End XCConfigurationList section */
	};
	rootObject = 92DA2178271ED1EC0011D289 /* Project object */;
}
